
Microsoft Visual Studio Solution File, Format Version 11.00
# Visual Studio 2010
Project("{FAE04EC0-301F-11D3-BF4B-00C04F79EFBC}") = "VR_is_Awesome", "Assembly-CSharp.csproj", "{59A19C60-C1A3-5D58-9C26-EDC9CD058062}"
EndProject
Project("{FAE04EC0-301F-11D3-BF4B-00C04F79EFBC}") = "VR_is_Awesome", "Assembly-CSharp-firstpass.csproj", "{105907CE-38C4-BB9B-41D3-E6B9A9078E7B}"
EndProject
Project("{FAE04EC0-301F-11D3-BF4B-00C04F79EFBC}") = "VR_is_Awesome", "Assembly-CSharp-Editor-firstpass.csproj", "{64978CB4-9712-D578-E8AA-AE29605FE5DD}"
EndProject
Global
	GlobalSection(SolutionConfigurationPlatforms) = preSolution
		Debug|Any CPU = Debug|Any CPU
		Release|Any CPU = Release|Any CPU
	EndGlobalSection
	GlobalSection(ProjectConfigurationPlatforms) = postSolution
		{59A19C60-C1A3-5D58-9C26-EDC9CD058062}.Debug|Any CPU.ActiveCfg = Debug|Any CPU
		{59A19C60-C1A3-5D58-9C26-EDC9CD058062}.Debug|Any CPU.Build.0 = Debug|Any CPU
		{59A19C60-C1A3-5D58-9C26-EDC9CD058062}.Release|Any CPU.ActiveCfg = Release|Any CPU
		{59A19C60-C1A3-5D58-9C26-EDC9CD058062}.Release|Any CPU.Build.0 = Release|Any CPU
		{105907CE-38C4-BB9B-41D3-E6B9A9078E7B}.Debug|Any CPU.ActiveCfg = Debug|Any CPU
		{105907CE-38C4-BB9B-41D3-E6B9A9078E7B}.Debug|Any CPU.Build.0 = Debug|Any CPU
		{105907CE-38C4-BB9B-41D3-E6B9A9078E7B}.Release|Any CPU.ActiveCfg = Release|Any CPU
		{105907CE-38C4-BB9B-41D3-E6B9A9078E7B}.Release|Any CPU.Build.0 = Release|Any CPU
		{64978CB4-9712-D578-E8AA-AE29605FE5DD}.Debug|Any CPU.ActiveCfg = Debug|Any CPU
		{64978CB4-9712-D578-E8AA-AE29605FE5DD}.Debug|Any CPU.Build.0 = Debug|Any CPU
		{64978CB4-9712-D578-E8AA-AE29605FE5DD}.Release|Any CPU.ActiveCfg = Release|Any CPU
		{64978CB4-9712-D578-E8AA-AE29605FE5DD}.Release|Any CPU.Build.0 = Release|Any CPU
	EndGlobalSection
	GlobalSection(SolutionProperties) = preSolution
		HideSolutionNode = FALSE
	EndGlobalSection
	GlobalSection(MonoDevelopProperties) = preSolution
		StartupItem = Assembly-CSharp.csproj
	EndGlobalSection
EndGlobal
