
Microsoft Visual Studio Solution File, Format Version 11.00
# Visual Studio 2010
Project("{FAE04EC0-301F-11D3-BF4B-00C04F79EFBC}") = "W0001", "Assembly-CSharp-firstpass.csproj", "{C19B2D6D-AEC4-E4E4-A9B3-5986BD53F95A}"
EndProject
Project("{FAE04EC0-301F-11D3-BF4B-00C04F79EFBC}") = "W0001", "Assembly-CSharp.csproj", "{8C95ACA5-29A9-1D76-1BBB-E1A15F4E0686}"
EndProject
Project("{FAE04EC0-301F-11D3-BF4B-00C04F79EFBC}") = "W0001", "Assembly-CSharp-Editor-firstpass.csproj", "{6DF30582-49B3-95BF-C9A5-4CD11202389C}"
EndProject
Global
	GlobalSection(SolutionConfigurationPlatforms) = preSolution
		Debug|Any CPU = Debug|Any CPU
		Release|Any CPU = Release|Any CPU
	EndGlobalSection
	GlobalSection(ProjectConfigurationPlatforms) = postSolution
		{C19B2D6D-AEC4-E4E4-A9B3-5986BD53F95A}.Debug|Any CPU.ActiveCfg = Debug|Any CPU
		{C19B2D6D-AEC4-E4E4-A9B3-5986BD53F95A}.Debug|Any CPU.Build.0 = Debug|Any CPU
		{C19B2D6D-AEC4-E4E4-A9B3-5986BD53F95A}.Release|Any CPU.ActiveCfg = Release|Any CPU
		{C19B2D6D-AEC4-E4E4-A9B3-5986BD53F95A}.Release|Any CPU.Build.0 = Release|Any CPU
		{8C95ACA5-29A9-1D76-1BBB-E1A15F4E0686}.Debug|Any CPU.ActiveCfg = Debug|Any CPU
		{8C95ACA5-29A9-1D76-1BBB-E1A15F4E0686}.Debug|Any CPU.Build.0 = Debug|Any CPU
		{8C95ACA5-29A9-1D76-1BBB-E1A15F4E0686}.Release|Any CPU.ActiveCfg = Release|Any CPU
		{8C95ACA5-29A9-1D76-1BBB-E1A15F4E0686}.Release|Any CPU.Build.0 = Release|Any CPU
		{6DF30582-49B3-95BF-C9A5-4CD11202389C}.Debug|Any CPU.ActiveCfg = Debug|Any CPU
		{6DF30582-49B3-95BF-C9A5-4CD11202389C}.Debug|Any CPU.Build.0 = Debug|Any CPU
		{6DF30582-49B3-95BF-C9A5-4CD11202389C}.Release|Any CPU.ActiveCfg = Release|Any CPU
		{6DF30582-49B3-95BF-C9A5-4CD11202389C}.Release|Any CPU.Build.0 = Release|Any CPU
	EndGlobalSection
	GlobalSection(SolutionProperties) = preSolution
		HideSolutionNode = FALSE
	EndGlobalSection
	GlobalSection(MonoDevelopProperties) = preSolution
		StartupItem = Assembly-CSharp.csproj
	EndGlobalSection
EndGlobal
