
Microsoft Visual Studio Solution File, Format Version 11.00
# Visual Studio 2010
Project("{FAE04EC0-301F-11D3-BF4B-00C04F79EFBC}") = "UGUItutor", "Assembly-CSharp.csproj", "{12D8C7B2-8045-0F23-2E4C-CF760DEA4883}"
EndProject
Global
	GlobalSection(SolutionConfigurationPlatforms) = preSolution
		Debug|Any CPU = Debug|Any CPU
		Release|Any CPU = Release|Any CPU
	EndGlobalSection
	GlobalSection(ProjectConfigurationPlatforms) = postSolution
		{12D8C7B2-8045-0F23-2E4C-CF760DEA4883}.Debug|Any CPU.ActiveCfg = Debug|Any CPU
		{12D8C7B2-8045-0F23-2E4C-CF760DEA4883}.Debug|Any CPU.Build.0 = Debug|Any CPU
		{12D8C7B2-8045-0F23-2E4C-CF760DEA4883}.Release|Any CPU.ActiveCfg = Release|Any CPU
		{12D8C7B2-8045-0F23-2E4C-CF760DEA4883}.Release|Any CPU.Build.0 = Release|Any CPU
	EndGlobalSection
	GlobalSection(SolutionProperties) = preSolution
		HideSolutionNode = FALSE
	EndGlobalSection
	GlobalSection(MonoDevelopProperties) = preSolution
		StartupItem = Assembly-CSharp.csproj
	EndGlobalSection
EndGlobal
