
Microsoft Visual Studio Solution File, Format Version 11.00
# Visual Studio 2010
Project("{FAE04EC0-301F-11D3-BF4B-00C04F79EFBC}") = "New222", "Assembly-CSharp.csproj", "{69327830-36F1-866F-9C49-A2BD4BA82FAC}"
EndProject
Global
	GlobalSection(SolutionConfigurationPlatforms) = preSolution
		Debug|Any CPU = Debug|Any CPU
		Release|Any CPU = Release|Any CPU
	EndGlobalSection
	GlobalSection(ProjectConfigurationPlatforms) = postSolution
		{69327830-36F1-866F-9C49-A2BD4BA82FAC}.Debug|Any CPU.ActiveCfg = Debug|Any CPU
		{69327830-36F1-866F-9C49-A2BD4BA82FAC}.Debug|Any CPU.Build.0 = Debug|Any CPU
		{69327830-36F1-866F-9C49-A2BD4BA82FAC}.Release|Any CPU.ActiveCfg = Release|Any CPU
		{69327830-36F1-866F-9C49-A2BD4BA82FAC}.Release|Any CPU.Build.0 = Release|Any CPU
	EndGlobalSection
	GlobalSection(SolutionProperties) = preSolution
		HideSolutionNode = FALSE
	EndGlobalSection
	GlobalSection(MonoDevelopProperties) = preSolution
		StartupItem = Assembly-CSharp.csproj
	EndGlobalSection
EndGlobal
